PODS:
  - FSCalendar (2.8.4)
  - Realm (20.0.0):
    - Realm/Headers (= 20.0.0)
  - Realm/Headers (20.0.0)
  - RealmSwift (20.0.0):
    - Realm (= 20.0.0)
  - SwiftLint (0.57.1)

DEPENDENCIES:
  - FSCalendar
  - RealmSwift
  - SwiftLint

SPEC REPOS:
  trunk:
    - FSCalendar
    - Realm
    - RealmSwift
    - SwiftLint

SPEC CHECKSUMS:
  FSCalendar: 2d1d0d9398f12d439f55c1fe0f01525b151b8260
  Realm: a799b5f9145623fb0bfe149fe81422863631dd0f
  RealmSwift: f8c4354ebd5053343e6ab9f4eda244145308a51e
  SwiftLint: 92196976e597b9afec5dbe374810103e6c1d9d7c

PODFILE CHECKSUM: d7d033ee41c72f6d56f1c3107c2e3d4b2ecbc2ef

COCOAPODS: 1.16.2
